
Microsoft Visual Studio Solution File, Format Version 12.00
# Visual Studio Version 17
VisualStudioVersion = 17.4.32916.344
MinimumVisualStudioVersion = 10.0.40219.1
Project("{FAE04EC0-301F-11D3-BF4B-00C04F79EFBC}") = "VRAtlas", "VRAtlas\VRAtlas.csproj", "{DD5D6C00-22FA-4298-B69C-F396070EC7BB}"
EndProject
Global
	GlobalSection(SolutionConfigurationPlatforms) = preSolution
		Debug|Any CPU = Debug|Any CPU
		Release|Any CPU = Release|Any CPU
	EndGlobalSection
	GlobalSection(ProjectConfigurationPlatforms) = postSolution
		{DD5D6C00-22FA-4298-B69C-F396070EC7BB}.Debug|Any CPU.ActiveCfg = Debug|Any CPU
		{DD5D6C00-22FA-4298-B69C-F396070EC7BB}.Debug|Any CPU.Build.0 = Debug|Any CPU
		{DD5D6C00-22FA-4298-B69C-F396070EC7BB}.Release|Any CPU.ActiveCfg = Release|Any CPU
		{DD5D6C00-22FA-4298-B69C-F396070EC7BB}.Release|Any CPU.Build.0 = Release|Any CPU
	EndGlobalSection
	GlobalSection(SolutionProperties) = preSolution
		HideSolutionNode = FALSE
	EndGlobalSection
	GlobalSection(ExtensibilityGlobals) = postSolution
		SolutionGuid = {33C635B0-4E14-44D8-A5F7-0FC6E9969C79}
	EndGlobalSection
EndGlobal
